// !$*UTF8*$!
{
	archiveVersion = 1;
	classes = {
	};
	objectVersion = 46;
	objects = {

/* Begin PBXBuildFile section */
		9D2FF3181562877600AE5072 /* Foundation.framework in Frameworks */ = {isa = PBXBuildFile; fileRef = 9D2FF3171562877600AE5072 /* Foundation.framework */; };
		9D2FF31B1562877600AE5072 /* main.m in Sources */ = {isa = PBXBuildFile; fileRef = 9D2FF31A1562877600AE5072 /* main.m */; };
		9D2FF31F1562877600AE5072 /* BinPackingProject.1 in CopyFiles */ = {isa = PBXBuildFile; fileRef = 9D2FF31E1562877600AE5072 /* BinPackingProject.1 */; };
		9D2FF327156287DC00AE5072 /* BinPackingFactory1D.m in Sources */ = {isa = PBXBuildFile; fileRef = 9D2FF326156287DC00AE5072 /* BinPackingFactory1D.m */; };
		9D2FF32D15628C8700AE5072 /* GeneticAlgorithmFactory1D.m in Sources */ = {isa = PBXBuildFile; fileRef = 9D2FF32C15628C8700AE5072 /* GeneticAlgorithmFactory1D.m */; };
		9D7B555E15667AFD006E98C8 /* BinPackingFactory2D.m in Sources */ = {isa = PBXBuildFile; fileRef = 9D7B555D15667AFD006E98C8 /* BinPackingFactory2D.m */; };
		9D7B5564156A5205006E98C8 /* GeneticAlgorithmFactory2D.m in Sources */ = {isa = PBXBuildFile; fileRef = 9D7B5563156A5205006E98C8 /* GeneticAlgorithmFactory2D.m */; };
		9D94AD8A157400EB006AB097 /* BinPackingFactory3D.m in Sources */ = {isa = PBXBuildFile; fileRef = 9D94AD89157400EB006AB097 /* BinPackingFactory3D.m */; };
		9D94AD8E1574059B006AB097 /* Box.m in Sources */ = {isa = PBXBuildFile; fileRef = 9D94AD8D1574059B006AB097 /* Box.m */; };
		9DC746F31576BD9400546EEF /* GeneticAlgorithmFactory3D.m in Sources */ = {isa = PBXBuildFile; fileRef = 9DC746F21576BD9400546EEF /* GeneticAlgorithmFactory3D.m */; };
/* End PBXBuildFile section */

/* Begin PBXCopyFilesBuildPhase section */
		9D2FF3111562877600AE5072 /* CopyFiles */ = {
			isa = PBXCopyFilesBuildPhase;
			buildActionMask = 2147483647;
			dstPath = /usr/share/man/man1/;
			dstSubfolderSpec = 0;
			files = (
				9D2FF31F1562877600AE5072 /* BinPackingProject.1 in CopyFiles */,
			);
			runOnlyForDeploymentPostprocessing = 1;
		};
/* End PBXCopyFilesBuildPhase section */

/* Begin PBXFileReference section */
		9D2FF3131562877600AE5072 /* BinPackingProject */ = {isa = PBXFileReference; explicitFileType = "compiled.mach-o.executable"; includeInIndex = 0; path = BinPackingProject; sourceTree = BUILT_PRODUCTS_DIR; };
		9D2FF3171562877600AE5072 /* Foundation.framework */ = {isa = PBXFileReference; lastKnownFileType = wrapper.framework; name = Foundation.framework; path = System/Library/Frameworks/Foundation.framework; sourceTree = SDKROOT; };
		9D2FF31A1562877600AE5072 /* main.m */ = {isa = PBXFileReference; lastKnownFileType = sourcecode.c.objc; path = main.m; sourceTree = "<group>"; };
		9D2FF31D1562877600AE5072 /* BinPackingProject-Prefix.pch */ = {isa = PBXFileReference; lastKnownFileType = sourcecode.c.h; path = "BinPackingProject-Prefix.pch"; sourceTree = "<group>"; };
		9D2FF31E1562877600AE5072 /* BinPackingProject.1 */ = {isa = PBXFileReference; lastKnownFileType = text.man; path = BinPackingProject.1; sourceTree = "<group>"; };
		9D2FF325156287DC00AE5072 /* BinPackingFactory1D.h */ = {isa = PBXFileReference; fileEncoding = 4; lastKnownFileType = sourcecode.c.h; path = BinPackingFactory1D.h; sourceTree = "<group>"; };
		9D2FF326156287DC00AE5072 /* BinPackingFactory1D.m */ = {isa = PBXFileReference; fileEncoding = 4; lastKnownFileType = sourcecode.c.objc; path = BinPackingFactory1D.m; sourceTree = "<group>"; };
		9D2FF32B15628C8700AE5072 /* GeneticAlgorithmFactory1D.h */ = {isa = PBXFileReference; fileEncoding = 4; lastKnownFileType = sourcecode.c.h; path = GeneticAlgorithmFactory1D.h; sourceTree = "<group>"; };
		9D2FF32C15628C8700AE5072 /* GeneticAlgorithmFactory1D.m */ = {isa = PBXFileReference; fileEncoding = 4; lastKnownFileType = sourcecode.c.objc; path = GeneticAlgorithmFactory1D.m; sourceTree = "<group>"; };
		9D7B555C15667AFD006E98C8 /* BinPackingFactory2D.h */ = {isa = PBXFileReference; fileEncoding = 4; lastKnownFileType = sourcecode.c.h; path = BinPackingFactory2D.h; sourceTree = "<group>"; };
		9D7B555D15667AFD006E98C8 /* BinPackingFactory2D.m */ = {isa = PBXFileReference; fileEncoding = 4; lastKnownFileType = sourcecode.c.objc; path = BinPackingFactory2D.m; sourceTree = "<group>"; };
		9D7B5562156A5205006E98C8 /* GeneticAlgorithmFactory2D.h */ = {isa = PBXFileReference; fileEncoding = 4; lastKnownFileType = sourcecode.c.h; path = GeneticAlgorithmFactory2D.h; sourceTree = "<group>"; };
		9D7B5563156A5205006E98C8 /* GeneticAlgorithmFactory2D.m */ = {isa = PBXFileReference; fileEncoding = 4; lastKnownFileType = sourcecode.c.objc; path = GeneticAlgorithmFactory2D.m; sourceTree = "<group>"; };
		9D94AD88157400EB006AB097 /* BinPackingFactory3D.h */ = {isa = PBXFileReference; fileEncoding = 4; lastKnownFileType = sourcecode.c.h; path = BinPackingFactory3D.h; sourceTree = "<group>"; };
		9D94AD89157400EB006AB097 /* BinPackingFactory3D.m */ = {isa = PBXFileReference; fileEncoding = 4; lastKnownFileType = sourcecode.c.objc; path = BinPackingFactory3D.m; sourceTree = "<group>"; };
		9D94AD8C1574059B006AB097 /* Box.h */ = {isa = PBXFileReference; fileEncoding = 4; lastKnownFileType = sourcecode.c.h; path = Box.h; sourceTree = "<group>"; };
		9D94AD8D1574059B006AB097 /* Box.m */ = {isa = PBXFileReference; fileEncoding = 4; lastKnownFileType = sourcecode.c.objc; path = Box.m; sourceTree = "<group>"; };
		9DC746F11576BD9400546EEF /* GeneticAlgorithmFactory3D.h */ = {isa = PBXFileReference; fileEncoding = 4; lastKnownFileType = sourcecode.c.h; path = GeneticAlgorithmFactory3D.h; sourceTree = "<group>"; };
		9DC746F21576BD9400546EEF /* GeneticAlgorithmFactory3D.m */ = {isa = PBXFileReference; fileEncoding = 4; lastKnownFileType = sourcecode.c.objc; path = GeneticAlgorithmFactory3D.m; sourceTree = "<group>"; };
/* End PBXFileReference section */

/* Begin PBXFrameworksBuildPhase section */
		9D2FF3101562877600AE5072 /* Frameworks */ = {
			isa = PBXFrameworksBuildPhase;
			buildActionMask = 2147483647;
			files = (
				9D2FF3181562877600AE5072 /* Foundation.framework in Frameworks */,
			);
			runOnlyForDeploymentPostprocessing = 0;
		};
/* End PBXFrameworksBuildPhase section */

/* Begin PBXGroup section */
		9D2FF3081562877600AE5072 = {
			isa = PBXGroup;
			children = (
				9D2FF3191562877600AE5072 /* BinPackingProject */,
				9D2FF3161562877600AE5072 /* Frameworks */,
				9D2FF3141562877600AE5072 /* Products */,
			);
			sourceTree = "<group>";
		};
		9D2FF3141562877600AE5072 /* Products */ = {
			isa = PBXGroup;
			children = (
				9D2FF3131562877600AE5072 /* BinPackingProject */,
			);
			name = Products;
			sourceTree = "<group>";
		};
		9D2FF3161562877600AE5072 /* Frameworks */ = {
			isa = PBXGroup;
			children = (
				9D2FF3171562877600AE5072 /* Foundation.framework */,
			);
			name = Frameworks;
			sourceTree = "<group>";
		};
		9D2FF3191562877600AE5072 /* BinPackingProject */ = {
			isa = PBXGroup;
			children = (
				9D2FF31A1562877600AE5072 /* main.m */,
				9D2FF31E1562877600AE5072 /* BinPackingProject.1 */,
				9DA5D5E11576FA2A00475F9C /* BinPacking1D */,
				9DA5D5E31576FA3C00475F9C /* BinPacking2D */,
				9DA5D5E41576FA4400475F9C /* BinPacking3D */,
				9D2FF31C1562877600AE5072 /* Supporting Files */,
			);
			path = BinPackingProject;
			sourceTree = "<group>";
		};
		9D2FF31C1562877600AE5072 /* Supporting Files */ = {
			isa = PBXGroup;
			children = (
				9D2FF31D1562877600AE5072 /* BinPackingProject-Prefix.pch */,
			);
			name = "Supporting Files";
			sourceTree = "<group>";
		};
		9DA5D5E11576FA2A00475F9C /* BinPacking1D */ = {
			isa = PBXGroup;
			children = (
				9D2FF325156287DC00AE5072 /* BinPackingFactory1D.h */,
				9D2FF326156287DC00AE5072 /* BinPackingFactory1D.m */,
				9D2FF32B15628C8700AE5072 /* GeneticAlgorithmFactory1D.h */,
				9D2FF32C15628C8700AE5072 /* GeneticAlgorithmFactory1D.m */,
			);
			name = BinPacking1D;
			sourceTree = "<group>";
		};
		9DA5D5E31576FA3C00475F9C /* BinPacking2D */ = {
			isa = PBXGroup;
			children = (
				9D7B555C15667AFD006E98C8 /* BinPackingFactory2D.h */,
				9D7B555D15667AFD006E98C8 /* BinPackingFactory2D.m */,
				9D7B5562156A5205006E98C8 /* GeneticAlgorithmFactory2D.h */,
				9D7B5563156A5205006E98C8 /* GeneticAlgorithmFactory2D.m */,
			);
			name = BinPacking2D;
			sourceTree = "<group>";
		};
		9DA5D5E41576FA4400475F9C /* BinPacking3D */ = {
			isa = PBXGroup;
			children = (
				9D94AD88157400EB006AB097 /* BinPackingFactory3D.h */,
				9D94AD89157400EB006AB097 /* BinPackingFactory3D.m */,
				9D94AD8C1574059B006AB097 /* Box.h */,
				9D94AD8D1574059B006AB097 /* Box.m */,
				9DC746F11576BD9400546EEF /* GeneticAlgorithmFactory3D.h */,
				9DC746F21576BD9400546EEF /* GeneticAlgorithmFactory3D.m */,
			);
			name = BinPacking3D;
			sourceTree = "<group>";
		};
/* End PBXGroup section */

/* Begin PBXNativeTarget section */
		9D2FF3121562877600AE5072 /* BinPackingProject */ = {
			isa = PBXNativeTarget;
			buildConfigurationList = 9D2FF3221562877600AE5072 /* Build configuration list for PBXNativeTarget "BinPackingProject" */;
			buildPhases = (
				9D2FF30F1562877600AE5072 /* Sources */,
				9D2FF3101562877600AE5072 /* Frameworks */,
				9D2FF3111562877600AE5072 /* CopyFiles */,
			);
			buildRules = (
			);
			dependencies = (
			);
			name = BinPackingProject;
			productName = BinPackingProject;
			productReference = 9D2FF3131562877600AE5072 /* BinPackingProject */;
			productType = "com.apple.product-type.tool";
		};
/* End PBXNativeTarget section */

/* Begin PBXProject section */
		9D2FF30A1562877600AE5072 /* Project object */ = {
			isa = PBXProject;
			attributes = {
				LastUpgradeCheck = 0430;
			};
			buildConfigurationList = 9D2FF30D1562877600AE5072 /* Build configuration list for PBXProject "BinPackingProject" */;
			compatibilityVersion = "Xcode 3.2";
			developmentRegion = English;
			hasScannedForEncodings = 0;
			knownRegions = (
				en,
			);
			mainGroup = 9D2FF3081562877600AE5072;
			productRefGroup = 9D2FF3141562877600AE5072 /* Products */;
			projectDirPath = "";
			projectRoot = "";
			targets = (
				9D2FF3121562877600AE5072 /* BinPackingProject */,
			);
		};
/* End PBXProject section */

/* Begin PBXSourcesBuildPhase section */
		9D2FF30F1562877600AE5072 /* Sources */ = {
			isa = PBXSourcesBuildPhase;
			buildActionMask = 2147483647;
			files = (
				9D2FF31B1562877600AE5072 /* main.m in Sources */,
				9D2FF327156287DC00AE5072 /* BinPackingFactory1D.m in Sources */,
				9D2FF32D15628C8700AE5072 /* GeneticAlgorithmFactory1D.m in Sources */,
				9D7B555E15667AFD006E98C8 /* BinPackingFactory2D.m in Sources */,
				9D7B5564156A5205006E98C8 /* GeneticAlgorithmFactory2D.m in Sources */,
				9D94AD8A157400EB006AB097 /* BinPackingFactory3D.m in Sources */,
				9D94AD8E1574059B006AB097 /* Box.m in Sources */,
				9DC746F31576BD9400546EEF /* GeneticAlgorithmFactory3D.m in Sources */,
			);
			runOnlyForDeploymentPostprocessing = 0;
		};
/* End PBXSourcesBuildPhase section */

/* Begin XCBuildConfiguration section */
		9D2FF3201562877600AE5072 /* Debug */ = {
			isa = XCBuildConfiguration;
			buildSettings = {
				ALWAYS_SEARCH_USER_PATHS = NO;
				ARCHS = "$(ARCHS_STANDARD_64_BIT)";
				CLANG_ENABLE_OBJC_ARC = YES;
				COPY_PHASE_STRIP = NO;
				GCC_C_LANGUAGE_STANDARD = gnu99;
				GCC_DYNAMIC_NO_PIC = NO;
				GCC_ENABLE_OBJC_EXCEPTIONS = YES;
				GCC_OPTIMIZATION_LEVEL = 0;
				GCC_PREPROCESSOR_DEFINITIONS = (
					"DEBUG=1",
					"$(inherited)",
				);
				GCC_SYMBOLS_PRIVATE_EXTERN = NO;
				GCC_VERSION = com.apple.compilers.llvm.clang.1_0;
				GCC_WARN_64_TO_32_BIT_CONVERSION = YES;
				GCC_WARN_ABOUT_RETURN_TYPE = YES;
				GCC_WARN_UNINITIALIZED_AUTOS = YES;
				GCC_WARN_UNUSED_VARIABLE = YES;
				MACOSX_DEPLOYMENT_TARGET = 10.7;
				ONLY_ACTIVE_ARCH = YES;
				SDKROOT = macosx;
			};
			name = Debug;
		};
		9D2FF3211562877600AE5072 /* Release */ = {
			isa = XCBuildConfiguration;
			buildSettings = {
				ALWAYS_SEARCH_USER_PATHS = NO;
				ARCHS = "$(ARCHS_STANDARD_64_BIT)";
				CLANG_ENABLE_OBJC_ARC = YES;
				COPY_PHASE_STRIP = YES;
				DEBUG_INFORMATION_FORMAT = "dwarf-with-dsym";
				GCC_C_LANGUAGE_STANDARD = gnu99;
				GCC_ENABLE_OBJC_EXCEPTIONS = YES;
				GCC_VERSION = com.apple.compilers.llvm.clang.1_0;
				GCC_WARN_64_TO_32_BIT_CONVERSION = YES;
				GCC_WARN_ABOUT_RETURN_TYPE = YES;
				GCC_WARN_UNINITIALIZED_AUTOS = YES;
				GCC_WARN_UNUSED_VARIABLE = YES;
				MACOSX_DEPLOYMENT_TARGET = 10.7;
				SDKROOT = macosx;
			};
			name = Release;
		};
		9D2FF3231562877600AE5072 /* Debug */ = {
			isa = XCBuildConfiguration;
			buildSettings = {
				GCC_PRECOMPILE_PREFIX_HEADER = YES;
				GCC_PREFIX_HEADER = "BinPackingProject/BinPackingProject-Prefix.pch";
				PRODUCT_NAME = "$(TARGET_NAME)";
				USER_HEADER_SEARCH_PATHS = "$(SRCROOT)/**/**";
			};
			name = Debug;
		};
		9D2FF3241562877600AE5072 /* Release */ = {
			isa = XCBuildConfiguration;
			buildSettings = {
				GCC_PRECOMPILE_PREFIX_HEADER = YES;
				GCC_PREFIX_HEADER = "BinPackingProject/BinPackingProject-Prefix.pch";
				PRODUCT_NAME = "$(TARGET_NAME)";
				USER_HEADER_SEARCH_PATHS = "$(SRCROOT)/**/**";
			};
			name = Release;
		};
/* End XCBuildConfiguration section */

/* Begin XCConfigurationList section */
		9D2FF30D1562877600AE5072 /* Build configuration list for PBXProject "BinPackingProject" */ = {
			isa = XCConfigurationList;
			buildConfigurations = (
				9D2FF3201562877600AE5072 /* Debug */,
				9D2FF3211562877600AE5072 /* Release */,
			);
			defaultConfigurationIsVisible = 0;
			defaultConfigurationName = Release;
		};
		9D2FF3221562877600AE5072 /* Build configuration list for PBXNativeTarget "BinPackingProject" */ = {
			isa = XCConfigurationList;
			buildConfigurations = (
				9D2FF3231562877600AE5072 /* Debug */,
				9D2FF3241562877600AE5072 /* Release */,
			);
			defaultConfigurationIsVisible = 0;
			defaultConfigurationName = Release;
		};
/* End XCConfigurationList section */
	};
	rootObject = 9D2FF30A1562877600AE5072 /* Project object */;
}
